
Microsoft Visual Studio Solution File, Format Version 12.00
# Visual Studio Version 16
VisualStudioVersion = 16.0.29318.209
MinimumVisualStudioVersion = 10.0.40219.1
Project("{FAE04EC0-301F-11D3-BF4B-00C04F79EFBC}") = "ConvertMVC5ToCore3", "ConvertMVC5ToCore3\ConvertMVC5ToCore3.csproj", "{89571E92-9052-4624-B382-B4C3F4784B51}"
EndProject
Global
	GlobalSection(SolutionConfigurationPlatforms) = preSolution
		Debug|Any CPU = Debug|Any CPU
		Release|Any CPU = Release|Any CPU
	EndGlobalSection
	GlobalSection(ProjectConfigurationPlatforms) = postSolution
		{89571E92-9052-4624-B382-B4C3F4784B51}.Debug|Any CPU.ActiveCfg = Debug|Any CPU
		{89571E92-9052-4624-B382-B4C3F4784B51}.Debug|Any CPU.Build.0 = Debug|Any CPU
		{89571E92-9052-4624-B382-B4C3F4784B51}.Release|Any CPU.ActiveCfg = Release|Any CPU
		{89571E92-9052-4624-B382-B4C3F4784B51}.Release|Any CPU.Build.0 = Release|Any CPU
	EndGlobalSection
	GlobalSection(SolutionProperties) = preSolution
		HideSolutionNode = FALSE
	EndGlobalSection
	GlobalSection(ExtensibilityGlobals) = postSolution
		SolutionGuid = {7B572BB3-C061-4FDF-B04E-C2766705E1CA}
	EndGlobalSection
	GlobalSection(TeamFoundationVersionControl) = preSolution
		SccNumberOfProjects = 2
		SccEnterpriseProvider = {4CA58AB2-18FA-4F8D-95D4-32DDF27D184C}
		SccTeamFoundationServer = https://gelistfs.visualstudio.com/
		SccLocalPath0 = .
		SccProjectUniqueName1 = ConvertMVC5ToCore3\\ConvertMVC5ToCore3.csproj
		SccProjectName1 = ConvertMVC5ToCore3
		SccLocalPath1 = ConvertMVC5ToCore3
	EndGlobalSection
EndGlobal
